#MicroXplorer Configuration settings - do not modify
Mcu.Family=STM32F1
ProjectManager.MainLocation=Src
RCC.MCOFreq_Value=72000000
ProjectManager.TemplateDestinationPath=/home/rr/dev/e-vehicle/CU/NewCU/UI/firmware
ProjectManager.KeepUserCode=true
Mcu.UserName=STM32F103C8Tx
ADC1.ContinuousConvMode=ENABLE
PB4.GPIO_ModeDefaultEXTI=GPIO_MODE_IT_RISING_FALLING
USART1.BaudRate=9600
RCC.PLLCLKFreq_Value=72000000
ProjectManager.functionlistsort=1-MX_GPIO_Init-GPIO-false-HAL-true,2-SystemClock_Config-RCC-false-HAL-false,3-MX_ADC1_Init-ADC1-false-HAL-true,4-MX_CAN_Init-CAN-false-HAL-true,5-MX_I2C1_Init-I2C1-false-HAL-true,6-MX_USART1_UART_Init-USART1-false-HAL-true
NVIC.EXTI3_IRQn=true\:0\:0\:false\:false\:true\:true\:true
PA11.Mode=Master
PA3.GPIOParameters=GPIO_Label
RCC.ADCFreqValue=12000000
PA6.GPIO_Label=LCD_D7
PB3.GPIO_ModeDefaultEXTI=GPIO_MODE_IT_RISING_FALLING
USART1.IPParameters=VirtualMode,BaudRate
ProjectManager.TemplateSourcePath=/home/rr/apps/STM32CubeMX/db/extra_templates
PB15.Signal=GPIO_Input
PA2.GPIOParameters=GPIO_Label
PinOutPanel.RotationAngle=0
RCC.SYSCLKSource=RCC_SYSCLKSOURCE_PLLCLK
ProjectManager.StackSize=0x400
PB5.GPIOParameters=GPIO_PuPd,GPIO_Label,GPIO_ModeDefaultEXTI
PD1-OSC_OUT.Signal=RCC_OSC_OUT
Mcu.IP4=RCC
RCC.FCLKCortexFreq_Value=72000000
Mcu.IP5=SYS
Mcu.IP2=I2C1
NVIC.SVCall_IRQn=true\:0\:0\:false\:false\:true\:false\:false
Mcu.IP3=NVIC
PB4.GPIOParameters=GPIO_PuPd,GPIO_Label,GPIO_ModeDefaultEXTI
Mcu.IP0=ADC1
Mcu.IP1=CAN
PA12.Signal=CAN_TX
SH.GPXTI3.ConfNb=1
Mcu.UserConstants=
Mcu.ThirdPartyNb=0
RCC.HCLKFreq_Value=72000000
Mcu.IPNb=7
ProjectManager.PreviousToolchain=
RCC.APB2TimFreq_Value=72000000
PB6.Signal=I2C1_SCL
PB6.Mode=I2C
Mcu.Pin6=PA4
Mcu.Pin7=PA5
Mcu.Pin8=PA6
Mcu.Pin9=PB1
RCC.AHBFreq_Value=72000000
Mcu.Pin0=PD0-OSC_IN
Mcu.Pin1=PD1-OSC_OUT
GPIO.groupedBy=Group By Peripherals
Mcu.Pin2=PA0-WKUP
Mcu.Pin3=PA1
Mcu.Pin4=PA2
PA0-WKUP.GPIOParameters=GPIO_Label
Mcu.Pin5=PA3
ADC1.Channel-0\#ChannelRegularConversion=ADC_CHANNEL_9
ProjectManager.ProjectBuild=false
NVIC.UsageFault_IRQn=true\:0\:0\:false\:false\:true\:false\:false
NVIC.DebugMonitor_IRQn=true\:0\:0\:false\:false\:true\:false\:false
PA8.Locked=true
PA4.Locked=true
NVIC.SysTick_IRQn=true\:0\:0\:false\:false\:true\:false\:true
RCC.PLLMUL=RCC_PLL_MUL9
PB12.GPIO_Label=BUZZER
ProjectManager.FirmwarePackage=STM32Cube FW_F1 V1.8.0
MxDb.Version=DB.5.0.60
PB3.GPIO_PuPd=GPIO_PULLUP
PA1.GPIOParameters=GPIO_Label
ProjectManager.BackupPrevious=false
PB1.GPIO_Label=T_SENS
File.Version=6
PB3.GPIOParameters=GPIO_PuPd,GPIO_Label,GPIO_ModeDefaultEXTI
PB7.Signal=I2C1_SDA
PA8.Signal=GPIO_Input
NVIC.PendSV_IRQn=true\:0\:0\:false\:false\:true\:false\:false
CAN.CalculateTimeQuantum=444.44444444444446
ProjectManager.HalAssertFull=false
ADC1.SamplingTime-0\#ChannelRegularConversion=ADC_SAMPLETIME_1CYCLE_5
ProjectManager.ProjectName=firmware
RCC.PLLMCOFreq_Value=36000000
Mcu.Package=LQFP48
PB1.Signal=ADCx_IN9
PA6.Signal=GPIO_Output
PA5.Locked=true
ProjectManager.ToolChainLocation=
PA2.GPIO_Label=LCD_E
VP_SYS_VS_Systick.Signal=SYS_VS_Systick
SH.GPXTI5.ConfNb=1
PA10.Signal=USART1_RX
PA5.GPIOParameters=GPIO_Label
SH.ADCx_IN9.0=ADC1_IN9,IN9
PB5.GPIO_Label=S1
RCC.APB1TimFreq_Value=72000000
NVIC.BusFault_IRQn=true\:0\:0\:false\:false\:true\:false\:false
SH.ADCx_IN9.ConfNb=1
PB10.GPIOParameters=GPIO_Label
PA4.GPIO_Label=LCD_D5
ProjectManager.CustomerFirmwarePackage=
PB15.Locked=true
PB3.Locked=true
PB4.Signal=GPXTI4
PA3.Signal=GPIO_Output
PA2.Locked=true
PB3.GPIO_Label=S3
PB5.GPIO_ModeDefaultEXTI=GPIO_MODE_IT_RISING_FALLING
PA6.GPIOParameters=GPIO_Label
RCC.PLLSourceVirtual=RCC_PLLSOURCE_HSE
NVIC.EXTI4_IRQn=true\:0\:0\:false\:false\:true\:true\:true
SH.GPXTI5.0=GPIO_EXTI5
ProjectManager.ProjectFileName=firmware.ioc
ADC1.Rank-0\#ChannelRegularConversion=1
PD1-OSC_OUT.Mode=HSE-External-Oscillator
PA10.Mode=Asynchronous
Mcu.PinsNb=25
ProjectManager.NoMain=false
ADC1.IPParameters=Rank-0\#ChannelRegularConversion,Channel-0\#ChannelRegularConversion,SamplingTime-0\#ChannelRegularConversion,NbrOfConversionFlag,master,ContinuousConvMode
ProjectManager.UseDefaultSourcePath=true
ProjectManager.DefaultFWLocation=true
PD0-OSC_IN.Signal=RCC_OSC_IN
PB12.Locked=true
ProjectManager.DeletePrevious=true
RCC.APB1CLKDivider=RCC_HCLK_DIV2
PB10.Locked=true
VP_SYS_VS_ND.Mode=No_Debug
CAN.CalculateTimeBit=2222
RCC.FamilyName=M
PA0-WKUP.GPIO_Label=LCD_RS
PA0-WKUP.Signal=GPIO_Output
PA0-WKUP.Locked=true
RCC.ADCPresc=RCC_ADCPCLK2_DIV6
PA9.Mode=Asynchronous
CAN.BS2=CAN_BS2_2TQ
CAN.BS1=CAN_BS1_2TQ
ProjectManager.TargetToolchain=Makefile
PB10.GPIO_Label=BACKLIGHT
PA9.Signal=USART1_TX
PB5.Locked=true
PB4.GPIO_PuPd=GPIO_PULLUP
RCC.USBFreq_Value=72000000
PA1.Signal=GPIO_Output
PD0-OSC_IN.Mode=HSE-External-Oscillator
PB10.Signal=GPIO_Output
PA5.Signal=GPIO_Output
board=custom
SH.GPXTI3.0=GPIO_EXTI3
ProjectManager.LastFirmware=true
RCC.VCOOutput2Freq_Value=8000000
RCC.APB2Freq_Value=72000000
MxCube.Version=5.6.0
PB4.GPIO_Label=S2
PA1.GPIO_Label=LCD_RW
VP_SYS_VS_Systick.Mode=SysTick
VP_SYS_VS_ND.Signal=SYS_VS_ND
NVIC.NonMaskableInt_IRQn=true\:0\:0\:false\:false\:true\:false\:false
PA4.GPIOParameters=GPIO_Label
CAN.IPParameters=CalculateTimeQuantum,CalculateTimeBit,BS1,BS2
ProjectManager.FreePins=false
RCC.IPParameters=ADCFreqValue,ADCPresc,AHBFreq_Value,APB1CLKDivider,APB1Freq_Value,APB1TimFreq_Value,APB2Freq_Value,APB2TimFreq_Value,FCLKCortexFreq_Value,FamilyName,HCLKFreq_Value,MCOFreq_Value,PLLCLKFreq_Value,PLLMCOFreq_Value,PLLMUL,PLLSourceVirtual,SYSCLKFreq_VALUE,SYSCLKSource,TimSysFreq_Value,USBFreq_Value,VCOOutput2Freq_Value
ProjectManager.AskForMigrate=true
Mcu.Name=STM32F103C(8-B)Tx
Mcu.Pin24=VP_SYS_VS_Systick
PA2.Signal=GPIO_Output
ProjectManager.UnderRoot=false
Mcu.IP6=USART1
ProjectManager.CoupleFile=false
PB4.Locked=true
PB3.Signal=GPXTI3
PA4.Signal=GPIO_Output
RCC.SYSCLKFreq_VALUE=72000000
PB5.Signal=GPXTI5
Mcu.Pin22=PB7
Mcu.Pin23=VP_SYS_VS_ND
RCC.TimSysFreq_Value=72000000
PA1.Locked=true
Mcu.Pin20=PB5
ADC1.master=1
PA3.Locked=true
Mcu.Pin21=PB6
PA12.Mode=Master
SH.GPXTI4.0=GPIO_EXTI4
PA5.GPIO_Label=LCD_D6
NVIC.ForceEnableDMAVector=true
KeepUserPlacement=false
PB5.GPIO_PuPd=GPIO_PULLUP
NVIC.MemoryManagement_IRQn=true\:0\:0\:false\:false\:true\:false\:false
USART1.VirtualMode=VM_ASYNC
ProjectManager.CompilerOptimize=6
PB7.Mode=I2C
PA11.Signal=CAN_RX
NVIC.EXTI9_5_IRQn=true\:0\:0\:false\:false\:true\:true\:true
ProjectManager.HeapSize=0x200
Mcu.Pin15=PA10
NVIC.HardFault_IRQn=true\:0\:0\:false\:false\:true\:false\:false
Mcu.Pin16=PA11
Mcu.Pin13=PA8
SH.GPXTI4.ConfNb=1
Mcu.Pin14=PA9
Mcu.Pin19=PB4
ProjectManager.ComputerToolchain=false
ProjectManager.UseDefaultDestinationPath=true
Mcu.Pin17=PA12
Mcu.Pin18=PB3
NVIC.PriorityGroup=NVIC_PRIORITYGROUP_4
ADC1.NbrOfConversionFlag=1
Mcu.Pin11=PB12
Mcu.Pin12=PB15
Mcu.Pin10=PB10
RCC.APB1Freq_Value=36000000
ProjectManager.DeviceId=STM32F103C8Tx
PB12.GPIOParameters=GPIO_Label
PB12.Signal=GPIO_Output
ProjectManager.LibraryCopy=0
PA3.GPIO_Label=LCD_D4
PB1.GPIOParameters=GPIO_Label
PA6.Locked=true
